
Microsoft Visual Studio Solution File, Format Version 12.00
# Visual Studio Version 17
VisualStudioVersion = 17.0.31903.59
MinimumVisualStudioVersion = 10.0.40219.1
Project("{2150E333-8FDC-42A3-9474-1A3956D46DE8}") = "src", "src", "{45334785-2922-43F1-A278-BFC34AEC020B}"
EndProject
Project("{FAE04EC0-301F-11D3-BF4B-00C04F79EFBC}") = "LivingLab", "src\LivingLab\LivingLab.csproj", "{1101590D-39B1-48A0-B65B-DBBC1BB1363B}"
EndProject
Project("{2150E333-8FDC-42A3-9474-1A3956D46DE8}") = "test", "test", "{A5A67388-50B7-4EA6-9DE4-F672AE7B1B81}"
EndProject
Project("{FAE04EC0-301F-11D3-BF4B-00C04F79EFBC}") = "LivingLab.Tests", "test\LivingLab.Tests\LivingLab.Tests.csproj", "{5011D569-0698-440D-B922-744AC0CBE47E}"
EndProject
Global
	GlobalSection(SolutionConfigurationPlatforms) = preSolution
		Debug|Any CPU = Debug|Any CPU
		Release|Any CPU = Release|Any CPU
	EndGlobalSection
	GlobalSection(SolutionProperties) = preSolution
		HideSolutionNode = FALSE
	EndGlobalSection
	GlobalSection(ProjectConfigurationPlatforms) = postSolution
		{1101590D-39B1-48A0-B65B-DBBC1BB1363B}.Debug|Any CPU.ActiveCfg = Debug|Any CPU
		{1101590D-39B1-48A0-B65B-DBBC1BB1363B}.Debug|Any CPU.Build.0 = Debug|Any CPU
		{1101590D-39B1-48A0-B65B-DBBC1BB1363B}.Release|Any CPU.ActiveCfg = Release|Any CPU
		{1101590D-39B1-48A0-B65B-DBBC1BB1363B}.Release|Any CPU.Build.0 = Release|Any CPU
		{5011D569-0698-440D-B922-744AC0CBE47E}.Debug|Any CPU.ActiveCfg = Debug|Any CPU
		{5011D569-0698-440D-B922-744AC0CBE47E}.Debug|Any CPU.Build.0 = Debug|Any CPU
		{5011D569-0698-440D-B922-744AC0CBE47E}.Release|Any CPU.ActiveCfg = Release|Any CPU
		{5011D569-0698-440D-B922-744AC0CBE47E}.Release|Any CPU.Build.0 = Release|Any CPU
	EndGlobalSection
	GlobalSection(NestedProjects) = preSolution
		{1101590D-39B1-48A0-B65B-DBBC1BB1363B} = {45334785-2922-43F1-A278-BFC34AEC020B}
		{5011D569-0698-440D-B922-744AC0CBE47E} = {A5A67388-50B7-4EA6-9DE4-F672AE7B1B81}
	EndGlobalSection
EndGlobal
